// !$*UTF8*$!
{
	archiveVersion = 1;
	classes = {
	};
	objectVersion = 46;
	objects = {

/* Begin PBXBuildFile section */
		981DD89618E3C5B1008FD599 /* Foundation.framework in Frameworks */ = {isa = PBXBuildFile; fileRef = 981DD89518E3C5B1008FD599 /* Foundation.framework */; };
		981DD89818E3C5B1008FD599 /* CoreGraphics.framework in Frameworks */ = {isa = PBXBuildFile; fileRef = 981DD89718E3C5B1008FD599 /* CoreGraphics.framework */; };
		981DD89A18E3C5B1008FD599 /* UIKit.framework in Frameworks */ = {isa = PBXBuildFile; fileRef = 981DD89918E3C5B1008FD599 /* UIKit.framework */; };
		981DD8A018E3C5B1008FD599 /* InfoPlist.strings in Resources */ = {isa = PBXBuildFile; fileRef = 981DD89E18E3C5B1008FD599 /* InfoPlist.strings */; };
		981DD8A218E3C5B1008FD599 /* main.m in Sources */ = {isa = PBXBuildFile; fileRef = 981DD8A118E3C5B1008FD599 /* main.m */; };
		981DD8A618E3C5B1008FD599 /* LoginAppDelegate.m in Sources */ = {isa = PBXBuildFile; fileRef = 981DD8A518E3C5B1008FD599 /* LoginAppDelegate.m */; };
		981DD8A918E3C5B1008FD599 /* Main.storyboard in Resources */ = {isa = PBXBuildFile; fileRef = 981DD8A718E3C5B1008FD599 /* Main.storyboard */; };
		981DD8AC18E3C5B1008FD599 /* LoginViewController.m in Sources */ = {isa = PBXBuildFile; fileRef = 981DD8AB18E3C5B1008FD599 /* LoginViewController.m */; };
		981DD8AE18E3C5B1008FD599 /* Images.xcassets in Resources */ = {isa = PBXBuildFile; fileRef = 981DD8AD18E3C5B1008FD599 /* Images.xcassets */; };
		981DD8B518E3C5B1008FD599 /* XCTest.framework in Frameworks */ = {isa = PBXBuildFile; fileRef = 981DD8B418E3C5B1008FD599 /* XCTest.framework */; };
		981DD8B618E3C5B1008FD599 /* Foundation.framework in Frameworks */ = {isa = PBXBuildFile; fileRef = 981DD89518E3C5B1008FD599 /* Foundation.framework */; };
		981DD8B718E3C5B1008FD599 /* UIKit.framework in Frameworks */ = {isa = PBXBuildFile; fileRef = 981DD89918E3C5B1008FD599 /* UIKit.framework */; };
		981DD8BF18E3C5B1008FD599 /* InfoPlist.strings in Resources */ = {isa = PBXBuildFile; fileRef = 981DD8BD18E3C5B1008FD599 /* InfoPlist.strings */; };
		981DD8C118E3C5B1008FD599 /* LoginTests.m in Sources */ = {isa = PBXBuildFile; fileRef = 981DD8C018E3C5B1008FD599 /* LoginTests.m */; };
		981DDA4618E4023A008FD599 /* backbutton_normal.png in Resources */ = {isa = PBXBuildFile; fileRef = 981DD9BC18E4023A008FD599 /* backbutton_normal.png */; };
		981DDA4718E4023A008FD599 /* bookicon.png in Resources */ = {isa = PBXBuildFile; fileRef = 981DD9BD18E4023A008FD599 /* bookicon.png */; };
		981DDA4818E4023A008FD599 /* buy_n.png in Resources */ = {isa = PBXBuildFile; fileRef = 981DD9BE18E4023A008FD599 /* buy_n.png */; };
		981DDA4918E4023A008FD599 /* buy_s.png in Resources */ = {isa = PBXBuildFile; fileRef = 981DD9BF18E4023A008FD599 /* buy_s.png */; };
		981DDA4A18E4023A008FD599 /* buylist_icon.png in Resources */ = {isa = PBXBuildFile; fileRef = 981DD9C018E4023A008FD599 /* buylist_icon.png */; };
		981DDA4B18E4023A008FD599 /* close.png in Resources */ = {isa = PBXBuildFile; fileRef = 981DD9C118E4023A008FD599 /* close.png */; };
		981DDA4C18E4023A008FD599 /* collect_n.png in Resources */ = {isa = PBXBuildFile; fileRef = 981DD9C218E4023A008FD599 /* collect_n.png */; };
		981DDA4D18E4023A008FD599 /* collect_s.png in Resources */ = {isa = PBXBuildFile; fileRef = 981DD9C318E4023A008FD599 /* collect_s.png */; };
		981DDA4E18E4023A008FD599 /* content.png in Resources */ = {isa = PBXBuildFile; fileRef = 981DD9C418E4023A008FD599 /* content.png */; };
		981DDA4F18E4023A008FD599 /* divide_line.png in Resources */ = {isa = PBXBuildFile; fileRef = 981DD9C518E4023A008FD599 /* divide_line.png */; };
		981DDA5018E4023A008FD599 /* font_n.png in Resources */ = {isa = PBXBuildFile; fileRef = 981DD9C618E4023A008FD599 /* font_n.png */; };
		981DDA5118E4023A008FD599 /* font_s.png in Resources */ = {isa = PBXBuildFile; fileRef = 981DD9C718E4023A008FD599 /* font_s.png */; };
		981DDA5218E4023A008FD599 /* footer.png in Resources */ = {isa = PBXBuildFile; fileRef = 981DD9C818E4023A008FD599 /* footer.png */; };
		981DDA5318E4023A008FD599 /* grzx_line.png in Resources */ = {isa = PBXBuildFile; fileRef = 981DD9C918E4023A008FD599 /* grzx_line.png */; };
		981DDA5418E4023A008FD599 /* grzx_n.png in Resources */ = {isa = PBXBuildFile; fileRef = 981DD9CA18E4023A008FD599 /* grzx_n.png */; };
		981DDA5518E4023A008FD599 /* grzx_s.png in Resources */ = {isa = PBXBuildFile; fileRef = 981DD9CB18E4023A008FD599 /* grzx_s.png */; };
		981DDA5618E4023A008FD599 /* handbook.png in Resources */ = {isa = PBXBuildFile; fileRef = 981DD9CC18E4023A008FD599 /* handbook.png */; };
		981DDA5718E4023A008FD599 /* header.png in Resources */ = {isa = PBXBuildFile; fileRef = 981DD9CD18E4023A008FD599 /* header.png */; };
		981DDA5818E4023A008FD599 /* icon.png in Resources */ = {isa = PBXBuildFile; fileRef = 981DD9CE18E4023A008FD599 /* icon.png */; };
		981DDA5918E4023A008FD599 /* light_n.png in Resources */ = {isa = PBXBuildFile; fileRef = 981DD9CF18E4023A008FD599 /* light_n.png */; };
		981DDA5A18E4023A008FD599 /* light_s.png in Resources */ = {isa = PBXBuildFile; fileRef = 981DD9D018E4023A008FD599 /* light_s.png */; };
		981DDA5B18E4023A008FD599 /* login.png in Resources */ = {isa = PBXBuildFile; fileRef = 981DD9D118E4023A008FD599 /* login.png */; };
		981DDA5C18E4023A008FD599 /* login_bg.png in Resources */ = {isa = PBXBuildFile; fileRef = 981DD9D218E4023A008FD599 /* login_bg.png */; };
		981DDA5D18E4023A008FD599 /* login_button_n.png in Resources */ = {isa = PBXBuildFile; fileRef = 981DD9D318E4023A008FD599 /* login_button_n.png */; };
		981DDA5E18E4023A008FD599 /* login_button_s.png in Resources */ = {isa = PBXBuildFile; fileRef = 981DD9D418E4023A008FD599 /* login_button_s.png */; };
		981DDA5F18E4023A008FD599 /* logo.png in Resources */ = {isa = PBXBuildFile; fileRef = 981DD9D518E4023A008FD599 /* logo.png */; };
		981DDA6018E4023A008FD599 /* navbar.png in Resources */ = {isa = PBXBuildFile; fileRef = 981DD9D618E4023A008FD599 /* navbar.png */; };
		981DDA6118E4023A008FD599 /* open.png in Resources */ = {isa = PBXBuildFile; fileRef = 981DD9D718E4023A008FD599 /* open.png */; };
		981DDA6218E4023A008FD599 /* password.png in Resources */ = {isa = PBXBuildFile; fileRef = 981DD9D818E4023A008FD599 /* password.png */; };
		981DDA6318E4023A008FD599 /* pay_n.png in Resources */ = {isa = PBXBuildFile; fileRef = 981DD9D918E4023A008FD599 /* pay_n.png */; };
		981DDA6418E4023A008FD599 /* pay_s.png in Resources */ = {isa = PBXBuildFile; fileRef = 981DD9DA18E4023A008FD599 /* pay_s.png */; };
		981DDA6518E4023A008FD599 /* phone.png in Resources */ = {isa = PBXBuildFile; fileRef = 981DD9DB18E4023A008FD599 /* phone.png */; };
		981DDA6618E4023A008FD599 /* phone_button.png in Resources */ = {isa = PBXBuildFile; fileRef = 981DD9DC18E4023A008FD599 /* phone_button.png */; };
		981DDA6718E4023A008FD599 /* reg_bg.png in Resources */ = {isa = PBXBuildFile; fileRef = 981DD9DD18E4023A008FD599 /* reg_bg.png */; };
		981DDA6818E4023A008FD599 /* regsiter.png in Resources */ = {isa = PBXBuildFile; fileRef = 981DD9DE18E4023A008FD599 /* regsiter.png */; };
		981DDA6918E4023A008FD599 /* rightcorner_n.png in Resources */ = {isa = PBXBuildFile; fileRef = 981DD9DF18E4023A008FD599 /* rightcorner_n.png */; };
		981DDA6A18E4023A008FD599 /* scroll_icon_n_1.png in Resources */ = {isa = PBXBuildFile; fileRef = 981DD9E018E4023A008FD599 /* scroll_icon_n_1.png */; };
		981DDA6B18E4023A008FD599 /* scroll_icon_n_2.png in Resources */ = {isa = PBXBuildFile; fileRef = 981DD9E118E4023A008FD599 /* scroll_icon_n_2.png */; };
		981DDA6C18E4023A008FD599 /* scroll_icon_n_3.png in Resources */ = {isa = PBXBuildFile; fileRef = 981DD9E218E4023A008FD599 /* scroll_icon_n_3.png */; };
		981DDA6D18E4023A008FD599 /* scroll_icon_n_4.png in Resources */ = {isa = PBXBuildFile; fileRef = 981DD9E318E4023A008FD599 /* scroll_icon_n_4.png */; };
		981DDA6E18E4023A008FD599 /* scroll_icon_n_5.png in Resources */ = {isa = PBXBuildFile; fileRef = 981DD9E418E4023A008FD599 /* scroll_icon_n_5.png */; };
		981DDA6F18E4023A008FD599 /* scroll_icon_s_1.png in Resources */ = {isa = PBXBuildFile; fileRef = 981DD9E518E4023A008FD599 /* scroll_icon_s_1.png */; };
		981DDA7018E4023A008FD599 /* scroll_icon_s_2.png in Resources */ = {isa = PBXBuildFile; fileRef = 981DD9E618E4023A008FD599 /* scroll_icon_s_2.png */; };
		981DDA7118E4023A008FD599 /* scroll_icon_s_3.png in Resources */ = {isa = PBXBuildFile; fileRef = 981DD9E718E4023A008FD599 /* scroll_icon_s_3.png */; };
		981DDA7218E4023A008FD599 /* scroll_icon_s_4.png in Resources */ = {isa = PBXBuildFile; fileRef = 981DD9E818E4023A008FD599 /* scroll_icon_s_4.png */; };
		981DDA7318E4023A008FD599 /* scroll_icon_s_5.png in Resources */ = {isa = PBXBuildFile; fileRef = 981DD9E918E4023A008FD599 /* scroll_icon_s_5.png */; };
		981DDA7418E4023A008FD599 /* select_button_n.png in Resources */ = {isa = PBXBuildFile; fileRef = 981DD9EA18E4023A008FD599 /* select_button_n.png */; };
		981DDA7518E4023A008FD599 /* select_button_s.png in Resources */ = {isa = PBXBuildFile; fileRef = 981DD9EB18E4023A008FD599 /* select_button_s.png */; };
		981DDA7618E4023A008FD599 /* setting_1.png in Resources */ = {isa = PBXBuildFile; fileRef = 981DD9EC18E4023A008FD599 /* setting_1.png */; };
		981DDA7718E4023A008FD599 /* setting_2.png in Resources */ = {isa = PBXBuildFile; fileRef = 981DD9ED18E4023A008FD599 /* setting_2.png */; };
		981DDA7818E4023A008FD599 /* setting_3.png in Resources */ = {isa = PBXBuildFile; fileRef = 981DD9EE18E4023A008FD599 /* setting_3.png */; };
		981DDA7918E4023A008FD599 /* setting_4.png in Resources */ = {isa = PBXBuildFile; fileRef = 981DD9EF18E4023A008FD599 /* setting_4.png */; };
		981DDA7A18E4023A008FD599 /* setting_5.png in Resources */ = {isa = PBXBuildFile; fileRef = 981DD9F018E4023A008FD599 /* setting_5.png */; };
		981DDA7B18E4023A008FD599 /* share.png in Resources */ = {isa = PBXBuildFile; fileRef = 981DD9F118E4023A008FD599 /* share.png */; };
		981DDA7C18E4023A008FD599 /* username.png in Resources */ = {isa = PBXBuildFile; fileRef = 981DD9F218E4023A008FD599 /* username.png */; };
		981DDA7D18E4023A008FD599 /* yinlan.png in Resources */ = {isa = PBXBuildFile; fileRef = 981DD9F318E4023A008FD599 /* yinlan.png */; };
		981DDA7E18E4023A008FD599 /* zfb.png in Resources */ = {isa = PBXBuildFile; fileRef = 981DD9F418E4023A008FD599 /* zfb.png */; };
		981DDA7F18E4023A008FD599 /* icon@2x.png in Resources */ = {isa = PBXBuildFile; fileRef = 981DD9F618E4023A008FD599 /* icon@2x.png */; };
		981DDA8018E4023A008FD599 /* share@2x.png in Resources */ = {isa = PBXBuildFile; fileRef = 981DD9F718E4023A008FD599 /* share@2x.png */; };
		981DDA8118E4023A008FD599 /* Default-568h@2x.png in Resources */ = {isa = PBXBuildFile; fileRef = 981DD9F918E4023A008FD599 /* Default-568h@2x.png */; };
		981DDA8218E4023A008FD599 /* Default.png in Resources */ = {isa = PBXBuildFile; fileRef = 981DD9FA18E4023A008FD599 /* Default.png */; };
		981DDA8318E4023A008FD599 /* Default@2x.png in Resources */ = {isa = PBXBuildFile; fileRef = 981DD9FB18E4023A008FD599 /* Default@2x.png */; };
		981DDA8418E4023A008FD599 /* help.html in Resources */ = {isa = PBXBuildFile; fileRef = 981DD9FC18E4023A008FD599 /* help.html */; };
		981DDA8518E4023A008FD599 /* http_request_param.xml in Resources */ = {isa = PBXBuildFile; fileRef = 981DD9FD18E4023A008FD599 /* http_request_param.xml */; };
		981F44DE18E511770008F1A4 /* RegisterViewController.m in Sources */ = {isa = PBXBuildFile; fileRef = 981F44DD18E511770008F1A4 /* RegisterViewController.m */; };
/* End PBXBuildFile section */

/* Begin PBXContainerItemProxy section */
		981DD8B818E3C5B1008FD599 /* PBXContainerItemProxy */ = {
			isa = PBXContainerItemProxy;
			containerPortal = 981DD88A18E3C5B1008FD599 /* Project object */;
			proxyType = 1;
			remoteGlobalIDString = 981DD89118E3C5B1008FD599;
			remoteInfo = Login;
		};
/* End PBXContainerItemProxy section */

/* Begin PBXFileReference section */
		981DD89218E3C5B1008FD599 /* Login.app */ = {isa = PBXFileReference; explicitFileType = wrapper.application; includeInIndex = 0; path = Login.app; sourceTree = BUILT_PRODUCTS_DIR; };
		981DD89518E3C5B1008FD599 /* Foundation.framework */ = {isa = PBXFileReference; lastKnownFileType = wrapper.framework; name = Foundation.framework; path = System/Library/Frameworks/Foundation.framework; sourceTree = SDKROOT; };
		981DD89718E3C5B1008FD599 /* CoreGraphics.framework */ = {isa = PBXFileReference; lastKnownFileType = wrapper.framework; name = CoreGraphics.framework; path = System/Library/Frameworks/CoreGraphics.framework; sourceTree = SDKROOT; };
		981DD89918E3C5B1008FD599 /* UIKit.framework */ = {isa = PBXFileReference; lastKnownFileType = wrapper.framework; name = UIKit.framework; path = System/Library/Frameworks/UIKit.framework; sourceTree = SDKROOT; };
		981DD89D18E3C5B1008FD599 /* Login-Info.plist */ = {isa = PBXFileReference; lastKnownFileType = text.plist.xml; path = "Login-Info.plist"; sourceTree = "<group>"; };
		981DD89F18E3C5B1008FD599 /* en */ = {isa = PBXFileReference; lastKnownFileType = text.plist.strings; name = en; path = en.lproj/InfoPlist.strings; sourceTree = "<group>"; };
		981DD8A118E3C5B1008FD599 /* main.m */ = {isa = PBXFileReference; lastKnownFileType = sourcecode.c.objc; path = main.m; sourceTree = "<group>"; };
		981DD8A318E3C5B1008FD599 /* Login-Prefix.pch */ = {isa = PBXFileReference; lastKnownFileType = sourcecode.c.h; path = "Login-Prefix.pch"; sourceTree = "<group>"; };
		981DD8A418E3C5B1008FD599 /* LoginAppDelegate.h */ = {isa = PBXFileReference; lastKnownFileType = sourcecode.c.h; path = LoginAppDelegate.h; sourceTree = "<group>"; };
		981DD8A518E3C5B1008FD599 /* LoginAppDelegate.m */ = {isa = PBXFileReference; lastKnownFileType = sourcecode.c.objc; path = LoginAppDelegate.m; sourceTree = "<group>"; };
		981DD8A818E3C5B1008FD599 /* Base */ = {isa = PBXFileReference; lastKnownFileType = file.storyboard; name = Base; path = Base.lproj/Main.storyboard; sourceTree = "<group>"; };
		981DD8AA18E3C5B1008FD599 /* LoginViewController.h */ = {isa = PBXFileReference; lastKnownFileType = sourcecode.c.h; path = LoginViewController.h; sourceTree = "<group>"; };
		981DD8AB18E3C5B1008FD599 /* LoginViewController.m */ = {isa = PBXFileReference; lastKnownFileType = sourcecode.c.objc; path = LoginViewController.m; sourceTree = "<group>"; };
		981DD8AD18E3C5B1008FD599 /* Images.xcassets */ = {isa = PBXFileReference; lastKnownFileType = folder.assetcatalog; path = Images.xcassets; sourceTree = "<group>"; };
		981DD8B318E3C5B1008FD599 /* LoginTests.xctest */ = {isa = PBXFileReference; explicitFileType = wrapper.cfbundle; includeInIndex = 0; path = LoginTests.xctest; sourceTree = BUILT_PRODUCTS_DIR; };
		981DD8B418E3C5B1008FD599 /* XCTest.framework */ = {isa = PBXFileReference; lastKnownFileType = wrapper.framework; name = XCTest.framework; path = Library/Frameworks/XCTest.framework; sourceTree = DEVELOPER_DIR; };
		981DD8BC18E3C5B1008FD599 /* LoginTests-Info.plist */ = {isa = PBXFileReference; lastKnownFileType = text.plist.xml; path = "LoginTests-Info.plist"; sourceTree = "<group>"; };
		981DD8BE18E3C5B1008FD599 /* en */ = {isa = PBXFileReference; lastKnownFileType = text.plist.strings; name = en; path = en.lproj/InfoPlist.strings; sourceTree = "<group>"; };
		981DD8C018E3C5B1008FD599 /* LoginTests.m */ = {isa = PBXFileReference; lastKnownFileType = sourcecode.c.objc; path = LoginTests.m; sourceTree = "<group>"; };
		981DD9BC18E4023A008FD599 /* backbutton_normal.png */ = {isa = PBXFileReference; lastKnownFileType = image.png; path = backbutton_normal.png; sourceTree = "<group>"; };
		981DD9BD18E4023A008FD599 /* bookicon.png */ = {isa = PBXFileReference; lastKnownFileType = image.png; path = bookicon.png; sourceTree = "<group>"; };
		981DD9BE18E4023A008FD599 /* buy_n.png */ = {isa = PBXFileReference; lastKnownFileType = image.png; path = buy_n.png; sourceTree = "<group>"; };
		981DD9BF18E4023A008FD599 /* buy_s.png */ = {isa = PBXFileReference; lastKnownFileType = image.png; path = buy_s.png; sourceTree = "<group>"; };
		981DD9C018E4023A008FD599 /* buylist_icon.png */ = {isa = PBXFileReference; lastKnownFileType = image.png; path = buylist_icon.png; sourceTree = "<group>"; };
		981DD9C118E4023A008FD599 /* close.png */ = {isa = PBXFileReference; lastKnownFileType = image.png; path = close.png; sourceTree = "<group>"; };
		981DD9C218E4023A008FD599 /* collect_n.png */ = {isa = PBXFileReference; lastKnownFileType = image.png; path = collect_n.png; sourceTree = "<group>"; };
		981DD9C318E4023A008FD599 /* collect_s.png */ = {isa = PBXFileReference; lastKnownFileType = image.png; path = collect_s.png; sourceTree = "<group>"; };
		981DD9C418E4023A008FD599 /* content.png */ = {isa = PBXFileReference; lastKnownFileType = image.png; path = content.png; sourceTree = "<group>"; };
		981DD9C518E4023A008FD599 /* divide_line.png */ = {isa = PBXFileReference; lastKnownFileType = image.png; path = divide_line.png; sourceTree = "<group>"; };
		981DD9C618E4023A008FD599 /* font_n.png */ = {isa = PBXFileReference; lastKnownFileType = image.png; path = font_n.png; sourceTree = "<group>"; };
		981DD9C718E4023A008FD599 /* font_s.png */ = {isa = PBXFileReference; lastKnownFileType = image.png; path = font_s.png; sourceTree = "<group>"; };
		981DD9C818E4023A008FD599 /* footer.png */ = {isa = PBXFileReference; lastKnownFileType = image.png; path = footer.png; sourceTree = "<group>"; };
		981DD9C918E4023A008FD599 /* grzx_line.png */ = {isa = PBXFileReference; lastKnownFileType = image.png; path = grzx_line.png; sourceTree = "<group>"; };
		981DD9CA18E4023A008FD599 /* grzx_n.png */ = {isa = PBXFileReference; lastKnownFileType = image.png; path = grzx_n.png; sourceTree = "<group>"; };
		981DD9CB18E4023A008FD599 /* grzx_s.png */ = {isa = PBXFileReference; lastKnownFileType = image.png; path = grzx_s.png; sourceTree = "<group>"; };
		981DD9CC18E4023A008FD599 /* handbook.png */ = {isa = PBXFileReference; lastKnownFileType = image.png; path = handbook.png; sourceTree = "<group>"; };
		981DD9CD18E4023A008FD599 /* header.png */ = {isa = PBXFileReference; lastKnownFileType = image.png; path = header.png; sourceTree = "<group>"; };
		981DD9CE18E4023A008FD599 /* icon.png */ = {isa = PBXFileReference; lastKnownFileType = image.png; path = icon.png; sourceTree = "<group>"; };
		981DD9CF18E4023A008FD599 /* light_n.png */ = {isa = PBXFileReference; lastKnownFileType = image.png; path = light_n.png; sourceTree = "<group>"; };
		981DD9D018E4023A008FD599 /* light_s.png */ = {isa = PBXFileReference; lastKnownFileType = image.png; path = light_s.png; sourceTree = "<group>"; };
		981DD9D118E4023A008FD599 /* login.png */ = {isa = PBXFileReference; lastKnownFileType = image.png; path = login.png; sourceTree = "<group>"; };
		981DD9D218E4023A008FD599 /* login_bg.png */ = {isa = PBXFileReference; lastKnownFileType = image.png; path = login_bg.png; sourceTree = "<group>"; };
		981DD9D318E4023A008FD599 /* login_button_n.png */ = {isa = PBXFileReference; lastKnownFileType = image.png; path = login_button_n.png; sourceTree = "<group>"; };
		981DD9D418E4023A008FD599 /* login_button_s.png */ = {isa = PBXFileReference; lastKnownFileType = image.png; path = login_button_s.png; sourceTree = "<group>"; };
		981DD9D518E4023A008FD599 /* logo.png */ = {isa = PBXFileReference; lastKnownFileType = image.png; path = logo.png; sourceTree = "<group>"; };
		981DD9D618E4023A008FD599 /* navbar.png */ = {isa = PBXFileReference; lastKnownFileType = image.png; path = navbar.png; sourceTree = "<group>"; };
		981DD9D718E4023A008FD599 /* open.png */ = {isa = PBXFileReference; lastKnownFileType = image.png; path = open.png; sourceTree = "<group>"; };
		981DD9D818E4023A008FD599 /* password.png */ = {isa = PBXFileReference; lastKnownFileType = image.png; path = password.png; sourceTree = "<group>"; };
		981DD9D918E4023A008FD599 /* pay_n.png */ = {isa = PBXFileReference; lastKnownFileType = image.png; path = pay_n.png; sourceTree = "<group>"; };
		981DD9DA18E4023A008FD599 /* pay_s.png */ = {isa = PBXFileReference; lastKnownFileType = image.png; path = pay_s.png; sourceTree = "<group>"; };
		981DD9DB18E4023A008FD599 /* phone.png */ = {isa = PBXFileReference; lastKnownFileType = image.png; path = phone.png; sourceTree = "<group>"; };
		981DD9DC18E4023A008FD599 /* phone_button.png */ = {isa = PBXFileReference; lastKnownFileType = image.png; path = phone_button.png; sourceTree = "<group>"; };
		981DD9DD18E4023A008FD599 /* reg_bg.png */ = {isa = PBXFileReference; lastKnownFileType = image.png; path = reg_bg.png; sourceTree = "<group>"; };
		981DD9DE18E4023A008FD599 /* regsiter.png */ = {isa = PBXFileReference; lastKnownFileType = image.png; path = regsiter.png; sourceTree = "<group>"; };
		981DD9DF18E4023A008FD599 /* rightcorner_n.png */ = {isa = PBXFileReference; lastKnownFileType = image.png; path = rightcorner_n.png; sourceTree = "<group>"; };
		981DD9E018E4023A008FD599 /* scroll_icon_n_1.png */ = {isa = PBXFileReference; lastKnownFileType = image.png; path = scroll_icon_n_1.png; sourceTree = "<group>"; };
		981DD9E118E4023A008FD599 /* scroll_icon_n_2.png */ = {isa = PBXFileReference; lastKnownFileType = image.png; path = scroll_icon_n_2.png; sourceTree = "<group>"; };
		981DD9E218E4023A008FD599 /* scroll_icon_n_3.png */ = {isa = PBXFileReference; lastKnownFileType = image.png; path = scroll_icon_n_3.png; sourceTree = "<group>"; };
		981DD9E318E4023A008FD599 /* scroll_icon_n_4.png */ = {isa = PBXFileReference; lastKnownFileType = image.png; path = scroll_icon_n_4.png; sourceTree = "<group>"; };
		981DD9E418E4023A008FD599 /* scroll_icon_n_5.png */ = {isa = PBXFileReference; lastKnownFileType = image.png; path = scroll_icon_n_5.png; sourceTree = "<group>"; };
		981DD9E518E4023A008FD599 /* scroll_icon_s_1.png */ = {isa = PBXFileReference; lastKnownFileType = image.png; path = scroll_icon_s_1.png; sourceTree = "<group>"; };
		981DD9E618E4023A008FD599 /* scroll_icon_s_2.png */ = {isa = PBXFileReference; lastKnownFileType = image.png; path = scroll_icon_s_2.png; sourceTree = "<group>"; };
		981DD9E718E4023A008FD599 /* scroll_icon_s_3.png */ = {isa = PBXFileReference; lastKnownFileType = image.png; path = scroll_icon_s_3.png; sourceTree = "<group>"; };
		981DD9E818E4023A008FD599 /* scroll_icon_s_4.png */ = {isa = PBXFileReference; lastKnownFileType = image.png; path = scroll_icon_s_4.png; sourceTree = "<group>"; };
		981DD9E918E4023A008FD599 /* scroll_icon_s_5.png */ = {isa = PBXFileReference; lastKnownFileType = image.png; path = scroll_icon_s_5.png; sourceTree = "<group>"; };
		981DD9EA18E4023A008FD599 /* select_button_n.png */ = {isa = PBXFileReference; lastKnownFileType = image.png; path = select_button_n.png; sourceTree = "<group>"; };
		981DD9EB18E4023A008FD599 /* select_button_s.png */ = {isa = PBXFileReference; lastKnownFileType = image.png; path = select_button_s.png; sourceTree = "<group>"; };
		981DD9EC18E4023A008FD599 /* setting_1.png */ = {isa = PBXFileReference; lastKnownFileType = image.png; path = setting_1.png; sourceTree = "<group>"; };
		981DD9ED18E4023A008FD599 /* setting_2.png */ = {isa = PBXFileReference; lastKnownFileType = image.png; path = setting_2.png; sourceTree = "<group>"; };
		981DD9EE18E4023A008FD599 /* setting_3.png */ = {isa = PBXFileReference; lastKnownFileType = image.png; path = setting_3.png; sourceTree = "<group>"; };
		981DD9EF18E4023A008FD599 /* setting_4.png */ = {isa = PBXFileReference; lastKnownFileType = image.png; path = setting_4.png; sourceTree = "<group>"; };
		981DD9F018E4023A008FD599 /* setting_5.png */ = {isa = PBXFileReference; lastKnownFileType = image.png; path = setting_5.png; sourceTree = "<group>"; };
		981DD9F118E4023A008FD599 /* share.png */ = {isa = PBXFileReference; lastKnownFileType = image.png; path = share.png; sourceTree = "<group>"; };
		981DD9F218E4023A008FD599 /* username.png */ = {isa = PBXFileReference; lastKnownFileType = image.png; path = username.png; sourceTree = "<group>"; };
		981DD9F318E4023A008FD599 /* yinlan.png */ = {isa = PBXFileReference; lastKnownFileType = image.png; path = yinlan.png; sourceTree = "<group>"; };
		981DD9F418E4023A008FD599 /* zfb.png */ = {isa = PBXFileReference; lastKnownFileType = image.png; path = zfb.png; sourceTree = "<group>"; };
		981DD9F618E4023A008FD599 /* icon@2x.png */ = {isa = PBXFileReference; lastKnownFileType = image.png; path = "icon@2x.png"; sourceTree = "<group>"; };
		981DD9F718E4023A008FD599 /* share@2x.png */ = {isa = PBXFileReference; lastKnownFileType = image.png; path = "share@2x.png"; sourceTree = "<group>"; };
		981DD9F918E4023A008FD599 /* Default-568h@2x.png */ = {isa = PBXFileReference; lastKnownFileType = image.png; path = "Default-568h@2x.png"; sourceTree = "<group>"; };
		981DD9FA18E4023A008FD599 /* Default.png */ = {isa = PBXFileReference; lastKnownFileType = image.png; path = Default.png; sourceTree = "<group>"; };
		981DD9FB18E4023A008FD599 /* Default@2x.png */ = {isa = PBXFileReference; lastKnownFileType = image.png; path = "Default@2x.png"; sourceTree = "<group>"; };
		981DD9FC18E4023A008FD599 /* help.html */ = {isa = PBXFileReference; fileEncoding = 4; lastKnownFileType = text.html; path = help.html; sourceTree = "<group>"; };
		981DD9FD18E4023A008FD599 /* http_request_param.xml */ = {isa = PBXFileReference; fileEncoding = 4; lastKnownFileType = text.xml; path = http_request_param.xml; sourceTree = "<group>"; };
		981DDACA18E41BDD008FD599 /* Constant.h */ = {isa = PBXFileReference; fileEncoding = 4; lastKnownFileType = sourcecode.c.h; name = Constant.h; path = Tools/HttpRequest/Constant.h; sourceTree = "<group>"; };
		981F44DC18E511770008F1A4 /* RegisterViewController.h */ = {isa = PBXFileReference; fileEncoding = 4; lastKnownFileType = sourcecode.c.h; path = RegisterViewController.h; sourceTree = "<group>"; };
		981F44DD18E511770008F1A4 /* RegisterViewController.m */ = {isa = PBXFileReference; fileEncoding = 4; lastKnownFileType = sourcecode.c.objc; path = RegisterViewController.m; sourceTree = "<group>"; };
/* End PBXFileReference section */

/* Begin PBXFrameworksBuildPhase section */
		981DD88F18E3C5B1008FD599 /* Frameworks */ = {
			isa = PBXFrameworksBuildPhase;
			buildActionMask = 2147483647;
			files = (
				981DD89818E3C5B1008FD599 /* CoreGraphics.framework in Frameworks */,
				981DD89A18E3C5B1008FD599 /* UIKit.framework in Frameworks */,
				981DD89618E3C5B1008FD599 /* Foundation.framework in Frameworks */,
			);
			runOnlyForDeploymentPostprocessing = 0;
		};
		981DD8B018E3C5B1008FD599 /* Frameworks */ = {
			isa = PBXFrameworksBuildPhase;
			buildActionMask = 2147483647;
			files = (
				981DD8B518E3C5B1008FD599 /* XCTest.framework in Frameworks */,
				981DD8B718E3C5B1008FD599 /* UIKit.framework in Frameworks */,
				981DD8B618E3C5B1008FD599 /* Foundation.framework in Frameworks */,
			);
			runOnlyForDeploymentPostprocessing = 0;
		};
/* End PBXFrameworksBuildPhase section */

/* Begin PBXGroup section */
		981DD88918E3C5B1008FD599 = {
			isa = PBXGroup;
			children = (
				981DDA8E18E41549008FD599 /* Common */,
				981DD90618E40239008FD599 /* Resurces */,
				981DD89B18E3C5B1008FD599 /* Login */,
				981DD8BA18E3C5B1008FD599 /* LoginTests */,
				981DD89418E3C5B1008FD599 /* Frameworks */,
				981DD89318E3C5B1008FD599 /* Products */,
			);
			sourceTree = "<group>";
		};
		981DD89318E3C5B1008FD599 /* Products */ = {
			isa = PBXGroup;
			children = (
				981DD89218E3C5B1008FD599 /* Login.app */,
				981DD8B318E3C5B1008FD599 /* LoginTests.xctest */,
			);
			name = Products;
			sourceTree = "<group>";
		};
		981DD89418E3C5B1008FD599 /* Frameworks */ = {
			isa = PBXGroup;
			children = (
				981DD89518E3C5B1008FD599 /* Foundation.framework */,
				981DD89718E3C5B1008FD599 /* CoreGraphics.framework */,
				981DD89918E3C5B1008FD599 /* UIKit.framework */,
				981DD8B418E3C5B1008FD599 /* XCTest.framework */,
			);
			name = Frameworks;
			sourceTree = "<group>";
		};
		981DD89B18E3C5B1008FD599 /* Login */ = {
			isa = PBXGroup;
			children = (
				981DD8A418E3C5B1008FD599 /* LoginAppDelegate.h */,
				981DD8A518E3C5B1008FD599 /* LoginAppDelegate.m */,
				981DD8A718E3C5B1008FD599 /* Main.storyboard */,
				981DD8AA18E3C5B1008FD599 /* LoginViewController.h */,
				981DD8AB18E3C5B1008FD599 /* LoginViewController.m */,
				981F44DC18E511770008F1A4 /* RegisterViewController.h */,
				981F44DD18E511770008F1A4 /* RegisterViewController.m */,
				981DD8AD18E3C5B1008FD599 /* Images.xcassets */,
				981DD89C18E3C5B1008FD599 /* Supporting Files */,
			);
			path = Login;
			sourceTree = "<group>";
		};
		981DD89C18E3C5B1008FD599 /* Supporting Files */ = {
			isa = PBXGroup;
			children = (
				981DD89D18E3C5B1008FD599 /* Login-Info.plist */,
				981DD89E18E3C5B1008FD599 /* InfoPlist.strings */,
				981DD8A118E3C5B1008FD599 /* main.m */,
				981DD8A318E3C5B1008FD599 /* Login-Prefix.pch */,
			);
			name = "Supporting Files";
			sourceTree = "<group>";
		};
		981DD8BA18E3C5B1008FD599 /* LoginTests */ = {
			isa = PBXGroup;
			children = (
				981DD8C018E3C5B1008FD599 /* LoginTests.m */,
				981DD8BB18E3C5B1008FD599 /* Supporting Files */,
			);
			path = LoginTests;
			sourceTree = "<group>";
		};
		981DD8BB18E3C5B1008FD599 /* Supporting Files */ = {
			isa = PBXGroup;
			children = (
				981DD8BC18E3C5B1008FD599 /* LoginTests-Info.plist */,
				981DD8BD18E3C5B1008FD599 /* InfoPlist.strings */,
			);
			name = "Supporting Files";
			sourceTree = "<group>";
		};
		981DD90618E40239008FD599 /* Resurces */ = {
			isa = PBXGroup;
			children = (
				981DD9BA18E4023A008FD599 /* Images */,
				981DD9F818E4023A008FD599 /* LocalFiles */,
			);
			path = Resurces;
			sourceTree = "<group>";
		};
		981DD9BA18E4023A008FD599 /* Images */ = {
			isa = PBXGroup;
			children = (
				981DD9BB18E4023A008FD599 /* Image */,
				981DD9F518E4023A008FD599 /* Image2x */,
			);
			path = Images;
			sourceTree = "<group>";
		};
		981DD9BB18E4023A008FD599 /* Image */ = {
			isa = PBXGroup;
			children = (
				981DD9BC18E4023A008FD599 /* backbutton_normal.png */,
				981DD9BD18E4023A008FD599 /* bookicon.png */,
				981DD9BE18E4023A008FD599 /* buy_n.png */,
				981DD9BF18E4023A008FD599 /* buy_s.png */,
				981DD9C018E4023A008FD599 /* buylist_icon.png */,
				981DD9C118E4023A008FD599 /* close.png */,
				981DD9C218E4023A008FD599 /* collect_n.png */,
				981DD9C318E4023A008FD599 /* collect_s.png */,
				981DD9C418E4023A008FD599 /* content.png */,
				981DD9C518E4023A008FD599 /* divide_line.png */,
				981DD9C618E4023A008FD599 /* font_n.png */,
				981DD9C718E4023A008FD599 /* font_s.png */,
				981DD9C818E4023A008FD599 /* footer.png */,
				981DD9C918E4023A008FD599 /* grzx_line.png */,
				981DD9CA18E4023A008FD599 /* grzx_n.png */,
				981DD9CB18E4023A008FD599 /* grzx_s.png */,
				981DD9CC18E4023A008FD599 /* handbook.png */,
				981DD9CD18E4023A008FD599 /* header.png */,
				981DD9CE18E4023A008FD599 /* icon.png */,
				981DD9CF18E4023A008FD599 /* light_n.png */,
				981DD9D018E4023A008FD599 /* light_s.png */,
				981DD9D118E4023A008FD599 /* login.png */,
				981DD9D218E4023A008FD599 /* login_bg.png */,
				981DD9D318E4023A008FD599 /* login_button_n.png */,
				981DD9D418E4023A008FD599 /* login_button_s.png */,
				981DD9D518E4023A008FD599 /* logo.png */,
				981DD9D618E4023A008FD599 /* navbar.png */,
				981DD9D718E4023A008FD599 /* open.png */,
				981DD9D818E4023A008FD599 /* password.png */,
				981DD9D918E4023A008FD599 /* pay_n.png */,
				981DD9DA18E4023A008FD599 /* pay_s.png */,
				981DD9DB18E4023A008FD599 /* phone.png */,
				981DD9DC18E4023A008FD599 /* phone_button.png */,
				981DD9DD18E4023A008FD599 /* reg_bg.png */,
				981DD9DE18E4023A008FD599 /* regsiter.png */,
				981DD9DF18E4023A008FD599 /* rightcorner_n.png */,
				981DD9E018E4023A008FD599 /* scroll_icon_n_1.png */,
				981DD9E118E4023A008FD599 /* scroll_icon_n_2.png */,
				981DD9E218E4023A008FD599 /* scroll_icon_n_3.png */,
				981DD9E318E4023A008FD599 /* scroll_icon_n_4.png */,
				981DD9E418E4023A008FD599 /* scroll_icon_n_5.png */,
				981DD9E518E4023A008FD599 /* scroll_icon_s_1.png */,
				981DD9E618E4023A008FD599 /* scroll_icon_s_2.png */,
				981DD9E718E4023A008FD599 /* scroll_icon_s_3.png */,
				981DD9E818E4023A008FD599 /* scroll_icon_s_4.png */,
				981DD9E918E4023A008FD599 /* scroll_icon_s_5.png */,
				981DD9EA18E4023A008FD599 /* select_button_n.png */,
				981DD9EB18E4023A008FD599 /* select_button_s.png */,
				981DD9EC18E4023A008FD599 /* setting_1.png */,
				981DD9ED18E4023A008FD599 /* setting_2.png */,
				981DD9EE18E4023A008FD599 /* setting_3.png */,
				981DD9EF18E4023A008FD599 /* setting_4.png */,
				981DD9F018E4023A008FD599 /* setting_5.png */,
				981DD9F118E4023A008FD599 /* share.png */,
				981DD9F218E4023A008FD599 /* username.png */,
				981DD9F318E4023A008FD599 /* yinlan.png */,
				981DD9F418E4023A008FD599 /* zfb.png */,
			);
			path = Image;
			sourceTree = "<group>";
		};
		981DD9F518E4023A008FD599 /* Image2x */ = {
			isa = PBXGroup;
			children = (
				981DD9F618E4023A008FD599 /* icon@2x.png */,
				981DD9F718E4023A008FD599 /* share@2x.png */,
			);
			path = Image2x;
			sourceTree = "<group>";
		};
		981DD9F818E4023A008FD599 /* LocalFiles */ = {
			isa = PBXGroup;
			children = (
				981DD9F918E4023A008FD599 /* Default-568h@2x.png */,
				981DD9FA18E4023A008FD599 /* Default.png */,
				981DD9FB18E4023A008FD599 /* Default@2x.png */,
				981DD9FC18E4023A008FD599 /* help.html */,
				981DD9FD18E4023A008FD599 /* http_request_param.xml */,
			);
			path = LocalFiles;
			sourceTree = "<group>";
		};
		981DDA8E18E41549008FD599 /* Common */ = {
			isa = PBXGroup;
			children = (
				981DDACA18E41BDD008FD599 /* Constant.h */,
			);
			path = Common;
			sourceTree = "<group>";
		};
/* End PBXGroup section */

/* Begin PBXNativeTarget section */
		981DD89118E3C5B1008FD599 /* Login */ = {
			isa = PBXNativeTarget;
			buildConfigurationList = 981DD8C418E3C5B1008FD599 /* Build configuration list for PBXNativeTarget "Login" */;
			buildPhases = (
				981DD88E18E3C5B1008FD599 /* Sources */,
				981DD88F18E3C5B1008FD599 /* Frameworks */,
				981DD89018E3C5B1008FD599 /* Resources */,
			);
			buildRules = (
			);
			dependencies = (
			);
			name = Login;
			productName = Login;
			productReference = 981DD89218E3C5B1008FD599 /* Login.app */;
			productType = "com.apple.product-type.application";
		};
		981DD8B218E3C5B1008FD599 /* LoginTests */ = {
			isa = PBXNativeTarget;
			buildConfigurationList = 981DD8C718E3C5B1008FD599 /* Build configuration list for PBXNativeTarget "LoginTests" */;
			buildPhases = (
				981DD8AF18E3C5B1008FD599 /* Sources */,
				981DD8B018E3C5B1008FD599 /* Frameworks */,
				981DD8B118E3C5B1008FD599 /* Resources */,
			);
			buildRules = (
			);
			dependencies = (
				981DD8B918E3C5B1008FD599 /* PBXTargetDependency */,
			);
			name = LoginTests;
			productName = LoginTests;
			productReference = 981DD8B318E3C5B1008FD599 /* LoginTests.xctest */;
			productType = "com.apple.product-type.bundle.unit-test";
		};
/* End PBXNativeTarget section */

/* Begin PBXProject section */
		981DD88A18E3C5B1008FD599 /* Project object */ = {
			isa = PBXProject;
			attributes = {
				CLASSPREFIX = Login;
				LastUpgradeCheck = 0500;
				ORGANIZATIONNAME = zfht;
				TargetAttributes = {
					981DD8B218E3C5B1008FD599 = {
						TestTargetID = 981DD89118E3C5B1008FD599;
					};
				};
			};
			buildConfigurationList = 981DD88D18E3C5B1008FD599 /* Build configuration list for PBXProject "Login" */;
			compatibilityVersion = "Xcode 3.2";
			developmentRegion = English;
			hasScannedForEncodings = 0;
			knownRegions = (
				en,
				Base,
				"zh-Hans",
			);
			mainGroup = 981DD88918E3C5B1008FD599;
			productRefGroup = 981DD89318E3C5B1008FD599 /* Products */;
			projectDirPath = "";
			projectRoot = "";
			targets = (
				981DD89118E3C5B1008FD599 /* Login */,
				981DD8B218E3C5B1008FD599 /* LoginTests */,
			);
		};
/* End PBXProject section */

/* Begin PBXResourcesBuildPhase section */
		981DD89018E3C5B1008FD599 /* Resources */ = {
			isa = PBXResourcesBuildPhase;
			buildActionMask = 2147483647;
			files = (
				981DDA7818E4023A008FD599 /* setting_3.png in Resources */,
				981DDA5C18E4023A008FD599 /* login_bg.png in Resources */,
				981DDA5A18E4023A008FD599 /* light_s.png in Resources */,
				981DDA8318E4023A008FD599 /* Default@2x.png in Resources */,
				981DDA6B18E4023A008FD599 /* scroll_icon_n_2.png in Resources */,
				981DDA7018E4023A008FD599 /* scroll_icon_s_2.png in Resources */,
				981DDA6718E4023A008FD599 /* reg_bg.png in Resources */,
				981DDA5218E4023A008FD599 /* footer.png in Resources */,
				981DDA6118E4023A008FD599 /* open.png in Resources */,
				981DDA7B18E4023A008FD599 /* share.png in Resources */,
				981DDA8518E4023A008FD599 /* http_request_param.xml in Resources */,
				981DDA6518E4023A008FD599 /* phone.png in Resources */,
				981DDA6818E4023A008FD599 /* regsiter.png in Resources */,
				981DD8AE18E3C5B1008FD599 /* Images.xcassets in Resources */,
				981DDA6F18E4023A008FD599 /* scroll_icon_s_1.png in Resources */,
				981DDA5B18E4023A008FD599 /* login.png in Resources */,
				981DDA4C18E4023A008FD599 /* collect_n.png in Resources */,
				981DDA8118E4023A008FD599 /* Default-568h@2x.png in Resources */,
				981DDA6918E4023A008FD599 /* rightcorner_n.png in Resources */,
				981DDA7618E4023A008FD599 /* setting_1.png in Resources */,
				981DDA7F18E4023A008FD599 /* icon@2x.png in Resources */,
				981DDA4B18E4023A008FD599 /* close.png in Resources */,
				981DDA6A18E4023A008FD599 /* scroll_icon_n_1.png in Resources */,
				981DDA5918E4023A008FD599 /* light_n.png in Resources */,
				981DD8A018E3C5B1008FD599 /* InfoPlist.strings in Resources */,
				981DDA7918E4023A008FD599 /* setting_4.png in Resources */,
				981DDA5F18E4023A008FD599 /* logo.png in Resources */,
				981DDA6D18E4023A008FD599 /* scroll_icon_n_4.png in Resources */,
				981DDA4F18E4023A008FD599 /* divide_line.png in Resources */,
				981DDA7A18E4023A008FD599 /* setting_5.png in Resources */,
				981DDA6218E4023A008FD599 /* password.png in Resources */,
				981DDA5818E4023A008FD599 /* icon.png in Resources */,
				981DDA4718E4023A008FD599 /* bookicon.png in Resources */,
				981DDA7C18E4023A008FD599 /* username.png in Resources */,
				981DDA7D18E4023A008FD599 /* yinlan.png in Resources */,
				981DDA4818E4023A008FD599 /* buy_n.png in Resources */,
				981DDA8418E4023A008FD599 /* help.html in Resources */,
				981DDA5018E4023A008FD599 /* font_n.png in Resources */,
				981DDA8018E4023A008FD599 /* share@2x.png in Resources */,
				981DD8A918E3C5B1008FD599 /* Main.storyboard in Resources */,
				981DDA8218E4023A008FD599 /* Default.png in Resources */,
				981DDA4E18E4023A008FD599 /* content.png in Resources */,
				981DDA5418E4023A008FD599 /* grzx_n.png in Resources */,
				981DDA6C18E4023A008FD599 /* scroll_icon_n_3.png in Resources */,
				981DDA5318E4023A008FD599 /* grzx_line.png in Resources */,
				981DDA5718E4023A008FD599 /* header.png in Resources */,
				981DDA6418E4023A008FD599 /* pay_s.png in Resources */,
				981DDA5618E4023A008FD599 /* handbook.png in Resources */,
				981DDA6E18E4023A008FD599 /* scroll_icon_n_5.png in Resources */,
				981DDA7118E4023A008FD599 /* scroll_icon_s_3.png in Resources */,
				981DDA7318E4023A008FD599 /* scroll_icon_s_5.png in Resources */,
				981DDA4618E4023A008FD599 /* backbutton_normal.png in Resources */,
				981DDA5118E4023A008FD599 /* font_s.png in Resources */,
				981DDA7E18E4023A008FD599 /* zfb.png in Resources */,
				981DDA7718E4023A008FD599 /* setting_2.png in Resources */,
				981DDA4918E4023A008FD599 /* buy_s.png in Resources */,
				981DDA7518E4023A008FD599 /* select_button_s.png in Resources */,
				981DDA5D18E4023A008FD599 /* login_button_n.png in Resources */,
				981DDA4A18E4023A008FD599 /* buylist_icon.png in Resources */,
				981DDA7418E4023A008FD599 /* select_button_n.png in Resources */,
				981DDA6018E4023A008FD599 /* navbar.png in Resources */,
				981DDA6318E4023A008FD599 /* pay_n.png in Resources */,
				981DDA6618E4023A008FD599 /* phone_button.png in Resources */,
				981DDA7218E4023A008FD599 /* scroll_icon_s_4.png in Resources */,
				981DDA5E18E4023A008FD599 /* login_button_s.png in Resources */,
				981DDA5518E4023A008FD599 /* grzx_s.png in Resources */,
				981DDA4D18E4023A008FD599 /* collect_s.png in Resources */,
			);
			runOnlyForDeploymentPostprocessing = 0;
		};
		981DD8B118E3C5B1008FD599 /* Resources */ = {
			isa = PBXResourcesBuildPhase;
			buildActionMask = 2147483647;
			files = (
				981DD8BF18E3C5B1008FD599 /* InfoPlist.strings in Resources */,
			);
			runOnlyForDeploymentPostprocessing = 0;
		};
/* End PBXResourcesBuildPhase section */

/* Begin PBXSourcesBuildPhase section */
		981DD88E18E3C5B1008FD599 /* Sources */ = {
			isa = PBXSourcesBuildPhase;
			buildActionMask = 2147483647;
			files = (
				981DD8A618E3C5B1008FD599 /* LoginAppDelegate.m in Sources */,
				981DD8A218E3C5B1008FD599 /* main.m in Sources */,
				981DD8AC18E3C5B1008FD599 /* LoginViewController.m in Sources */,
				981F44DE18E511770008F1A4 /* RegisterViewController.m in Sources */,
			);
			runOnlyForDeploymentPostprocessing = 0;
		};
		981DD8AF18E3C5B1008FD599 /* Sources */ = {
			isa = PBXSourcesBuildPhase;
			buildActionMask = 2147483647;
			files = (
				981DD8C118E3C5B1008FD599 /* LoginTests.m in Sources */,
			);
			runOnlyForDeploymentPostprocessing = 0;
		};
/* End PBXSourcesBuildPhase section */

/* Begin PBXTargetDependency section */
		981DD8B918E3C5B1008FD599 /* PBXTargetDependency */ = {
			isa = PBXTargetDependency;
			target = 981DD89118E3C5B1008FD599 /* Login */;
			targetProxy = 981DD8B818E3C5B1008FD599 /* PBXContainerItemProxy */;
		};
/* End PBXTargetDependency section */

/* Begin PBXVariantGroup section */
		981DD89E18E3C5B1008FD599 /* InfoPlist.strings */ = {
			isa = PBXVariantGroup;
			children = (
				981DD89F18E3C5B1008FD599 /* en */,
			);
			name = InfoPlist.strings;
			sourceTree = "<group>";
		};
		981DD8A718E3C5B1008FD599 /* Main.storyboard */ = {
			isa = PBXVariantGroup;
			children = (
				981DD8A818E3C5B1008FD599 /* Base */,
			);
			name = Main.storyboard;
			sourceTree = "<group>";
		};
		981DD8BD18E3C5B1008FD599 /* InfoPlist.strings */ = {
			isa = PBXVariantGroup;
			children = (
				981DD8BE18E3C5B1008FD599 /* en */,
			);
			name = InfoPlist.strings;
			sourceTree = "<group>";
		};
/* End PBXVariantGroup section */

/* Begin XCBuildConfiguration section */
		981DD8C218E3C5B1008FD599 /* Debug */ = {
			isa = XCBuildConfiguration;
			buildSettings = {
				ALWAYS_SEARCH_USER_PATHS = NO;
				ARCHS = "$(ARCHS_STANDARD_INCLUDING_64_BIT)";
				CLANG_CXX_LANGUAGE_STANDARD = "gnu++0x";
				CLANG_CXX_LIBRARY = "libc++";
				CLANG_ENABLE_MODULES = YES;
				CLANG_ENABLE_OBJC_ARC = YES;
				CLANG_WARN_BOOL_CONVERSION = YES;
				CLANG_WARN_CONSTANT_CONVERSION = YES;
				CLANG_WARN_DIRECT_OBJC_ISA_USAGE = YES_ERROR;
				CLANG_WARN_EMPTY_BODY = YES;
				CLANG_WARN_ENUM_CONVERSION = YES;
				CLANG_WARN_INT_CONVERSION = YES;
				CLANG_WARN_OBJC_ROOT_CLASS = YES_ERROR;
				CLANG_WARN__DUPLICATE_METHOD_MATCH = YES;
				"CODE_SIGN_IDENTITY[sdk=iphoneos*]" = "iPhone Developer";
				COPY_PHASE_STRIP = NO;
				GCC_C_LANGUAGE_STANDARD = gnu99;
				GCC_DYNAMIC_NO_PIC = NO;
				GCC_OPTIMIZATION_LEVEL = 0;
				GCC_PREPROCESSOR_DEFINITIONS = (
					"DEBUG=1",
					"$(inherited)",
				);
				GCC_SYMBOLS_PRIVATE_EXTERN = NO;
				GCC_WARN_64_TO_32_BIT_CONVERSION = YES;
				GCC_WARN_ABOUT_RETURN_TYPE = YES_ERROR;
				GCC_WARN_UNDECLARED_SELECTOR = YES;
				GCC_WARN_UNINITIALIZED_AUTOS = YES;
				GCC_WARN_UNUSED_FUNCTION = YES;
				GCC_WARN_UNUSED_VARIABLE = YES;
				IPHONEOS_DEPLOYMENT_TARGET = 7.0;
				ONLY_ACTIVE_ARCH = YES;
				SDKROOT = iphoneos;
			};
			name = Debug;
		};
		981DD8C318E3C5B1008FD599 /* Release */ = {
			isa = XCBuildConfiguration;
			buildSettings = {
				ALWAYS_SEARCH_USER_PATHS = NO;
				ARCHS = "$(ARCHS_STANDARD_INCLUDING_64_BIT)";
				CLANG_CXX_LANGUAGE_STANDARD = "gnu++0x";
				CLANG_CXX_LIBRARY = "libc++";
				CLANG_ENABLE_MODULES = YES;
				CLANG_ENABLE_OBJC_ARC = YES;
				CLANG_WARN_BOOL_CONVERSION = YES;
				CLANG_WARN_CONSTANT_CONVERSION = YES;
				CLANG_WARN_DIRECT_OBJC_ISA_USAGE = YES_ERROR;
				CLANG_WARN_EMPTY_BODY = YES;
				CLANG_WARN_ENUM_CONVERSION = YES;
				CLANG_WARN_INT_CONVERSION = YES;
				CLANG_WARN_OBJC_ROOT_CLASS = YES_ERROR;
				CLANG_WARN__DUPLICATE_METHOD_MATCH = YES;
				"CODE_SIGN_IDENTITY[sdk=iphoneos*]" = "iPhone Developer";
				COPY_PHASE_STRIP = YES;
				ENABLE_NS_ASSERTIONS = NO;
				GCC_C_LANGUAGE_STANDARD = gnu99;
				GCC_WARN_64_TO_32_BIT_CONVERSION = YES;
				GCC_WARN_ABOUT_RETURN_TYPE = YES_ERROR;
				GCC_WARN_UNDECLARED_SELECTOR = YES;
				GCC_WARN_UNINITIALIZED_AUTOS = YES;
				GCC_WARN_UNUSED_FUNCTION = YES;
				GCC_WARN_UNUSED_VARIABLE = YES;
				IPHONEOS_DEPLOYMENT_TARGET = 7.0;
				SDKROOT = iphoneos;
				VALIDATE_PRODUCT = YES;
			};
			name = Release;
		};
		981DD8C518E3C5B1008FD599 /* Debug */ = {
			isa = XCBuildConfiguration;
			buildSettings = {
				ASSETCATALOG_COMPILER_APPICON_NAME = AppIcon;
				ASSETCATALOG_COMPILER_LAUNCHIMAGE_NAME = LaunchImage;
				CLANG_ENABLE_OBJC_ARC = YES;
				GCC_PRECOMPILE_PREFIX_HEADER = YES;
				GCC_PREFIX_HEADER = "Login/Login-Prefix.pch";
				INFOPLIST_FILE = "Login/Login-Info.plist";
				LIBRARY_SEARCH_PATHS = (
					"$(inherited)",
					/Users/zfhtjs/Desktop/IOS/Login/Resurces/External/alipay,
					/Users/zfhtjs/Desktop/IOS/Login/Resurces/External/ShareLib/SSDK/libWeiboSDK,
					/Users/zfhtjs/Desktop/IOS/Login/Resurces/External/ShareLib/SSDK/WeiChatSDKExport,
					/Users/zfhtjs/Desktop/IOS/Login/Resurces/External/UPPayPlugin,
				);
				PRODUCT_NAME = "$(TARGET_NAME)";
				WRAPPER_EXTENSION = app;
			};
			name = Debug;
		};
		981DD8C618E3C5B1008FD599 /* Release */ = {
			isa = XCBuildConfiguration;
			buildSettings = {
				ASSETCATALOG_COMPILER_APPICON_NAME = AppIcon;
				ASSETCATALOG_COMPILER_LAUNCHIMAGE_NAME = LaunchImage;
				CLANG_ENABLE_OBJC_ARC = YES;
				GCC_PRECOMPILE_PREFIX_HEADER = YES;
				GCC_PREFIX_HEADER = "Login/Login-Prefix.pch";
				INFOPLIST_FILE = "Login/Login-Info.plist";
				LIBRARY_SEARCH_PATHS = (
					"$(inherited)",
					/Users/zfhtjs/Desktop/IOS/Login/Resurces/External/alipay,
					/Users/zfhtjs/Desktop/IOS/Login/Resurces/External/ShareLib/SSDK/libWeiboSDK,
					/Users/zfhtjs/Desktop/IOS/Login/Resurces/External/ShareLib/SSDK/WeiChatSDKExport,
					/Users/zfhtjs/Desktop/IOS/Login/Resurces/External/UPPayPlugin,
				);
				PRODUCT_NAME = "$(TARGET_NAME)";
				WRAPPER_EXTENSION = app;
			};
			name = Release;
		};
		981DD8C818E3C5B1008FD599 /* Debug */ = {
			isa = XCBuildConfiguration;
			buildSettings = {
				ARCHS = "$(ARCHS_STANDARD_INCLUDING_64_BIT)";
				BUNDLE_LOADER = "$(BUILT_PRODUCTS_DIR)/Login.app/Login";
				FRAMEWORK_SEARCH_PATHS = (
					"$(SDKROOT)/Developer/Library/Frameworks",
					"$(inherited)",
					"$(DEVELOPER_FRAMEWORKS_DIR)",
				);
				GCC_PRECOMPILE_PREFIX_HEADER = YES;
				GCC_PREFIX_HEADER = "Login/Login-Prefix.pch";
				GCC_PREPROCESSOR_DEFINITIONS = (
					"DEBUG=1",
					"$(inherited)",
				);
				INFOPLIST_FILE = "LoginTests/LoginTests-Info.plist";
				PRODUCT_NAME = "$(TARGET_NAME)";
				TEST_HOST = "$(BUNDLE_LOADER)";
				WRAPPER_EXTENSION = xctest;
			};
			name = Debug;
		};
		981DD8C918E3C5B1008FD599 /* Release */ = {
			isa = XCBuildConfiguration;
			buildSettings = {
				ARCHS = "$(ARCHS_STANDARD_INCLUDING_64_BIT)";
				BUNDLE_LOADER = "$(BUILT_PRODUCTS_DIR)/Login.app/Login";
				FRAMEWORK_SEARCH_PATHS = (
					"$(SDKROOT)/Developer/Library/Frameworks",
					"$(inherited)",
					"$(DEVELOPER_FRAMEWORKS_DIR)",
				);
				GCC_PRECOMPILE_PREFIX_HEADER = YES;
				GCC_PREFIX_HEADER = "Login/Login-Prefix.pch";
				INFOPLIST_FILE = "LoginTests/LoginTests-Info.plist";
				PRODUCT_NAME = "$(TARGET_NAME)";
				TEST_HOST = "$(BUNDLE_LOADER)";
				WRAPPER_EXTENSION = xctest;
			};
			name = Release;
		};
/* End XCBuildConfiguration section */

/* Begin XCConfigurationList section */
		981DD88D18E3C5B1008FD599 /* Build configuration list for PBXProject "Login" */ = {
			isa = XCConfigurationList;
			buildConfigurations = (
				981DD8C218E3C5B1008FD599 /* Debug */,
				981DD8C318E3C5B1008FD599 /* Release */,
			);
			defaultConfigurationIsVisible = 0;
			defaultConfigurationName = Release;
		};
		981DD8C418E3C5B1008FD599 /* Build configuration list for PBXNativeTarget "Login" */ = {
			isa = XCConfigurationList;
			buildConfigurations = (
				981DD8C518E3C5B1008FD599 /* Debug */,
				981DD8C618E3C5B1008FD599 /* Release */,
			);
			defaultConfigurationIsVisible = 0;
			defaultConfigurationName = Release;
		};
		981DD8C718E3C5B1008FD599 /* Build configuration list for PBXNativeTarget "LoginTests" */ = {
			isa = XCConfigurationList;
			buildConfigurations = (
				981DD8C818E3C5B1008FD599 /* Debug */,
				981DD8C918E3C5B1008FD599 /* Release */,
			);
			defaultConfigurationIsVisible = 0;
			defaultConfigurationName = Release;
		};
/* End XCConfigurationList section */
	};
	rootObject = 981DD88A18E3C5B1008FD599 /* Project object */;
}
